
Microsoft Visual Studio Solution File, Format Version 12.00
# Visual Studio Version 16
VisualStudioVersion = 16.0.30413.136
MinimumVisualStudioVersion = 10.0.40219.1
Project("{FAE04EC0-301F-11D3-BF4B-00C04F79EFBC}") = "WaTecnologia.ControlePortaria.Repository", "WaTecnologia.ControlePortaria.Repository\WaTecnologia.ControlePortaria.Repository.csproj", "{24121F79-33A8-4527-95BB-D3642BA23636}"
EndProject
Project("{FAE04EC0-301F-11D3-BF4B-00C04F79EFBC}") = "WaTecnologia.ControlePortaria.Services", "WaTecnologia.ControlePortaria.Services\WaTecnologia.ControlePortaria.Services.csproj", "{630A4E06-C22C-4D84-98F0-9976115EB89B}"
EndProject
Project("{FAE04EC0-301F-11D3-BF4B-00C04F79EFBC}") = "WaTecnologia.ControlePortaria.Views", "WaTecnologia.ControlePortaria.Views\WaTecnologia.ControlePortaria.Views.csproj", "{100777DB-A5B7-40C8-992C-00C5BFAFB58D}"
EndProject
Project("{FAE04EC0-301F-11D3-BF4B-00C04F79EFBC}") = "WaTecnologia.ControlePortaria.Domain", "WaTecnologia.ControlePortaria.Domain\WaTecnologia.ControlePortaria.Domain.csproj", "{368AA68C-A461-45E3-B5ED-BA86EC1097AA}"
EndProject
Global
	GlobalSection(SolutionConfigurationPlatforms) = preSolution
		Debug|Any CPU = Debug|Any CPU
		Release|Any CPU = Release|Any CPU
	EndGlobalSection
	GlobalSection(ProjectConfigurationPlatforms) = postSolution
		{24121F79-33A8-4527-95BB-D3642BA23636}.Debug|Any CPU.ActiveCfg = Debug|Any CPU
		{24121F79-33A8-4527-95BB-D3642BA23636}.Debug|Any CPU.Build.0 = Debug|Any CPU
		{24121F79-33A8-4527-95BB-D3642BA23636}.Release|Any CPU.ActiveCfg = Release|Any CPU
		{24121F79-33A8-4527-95BB-D3642BA23636}.Release|Any CPU.Build.0 = Release|Any CPU
		{630A4E06-C22C-4D84-98F0-9976115EB89B}.Debug|Any CPU.ActiveCfg = Debug|Any CPU
		{630A4E06-C22C-4D84-98F0-9976115EB89B}.Debug|Any CPU.Build.0 = Debug|Any CPU
		{630A4E06-C22C-4D84-98F0-9976115EB89B}.Release|Any CPU.ActiveCfg = Release|Any CPU
		{630A4E06-C22C-4D84-98F0-9976115EB89B}.Release|Any CPU.Build.0 = Release|Any CPU
		{100777DB-A5B7-40C8-992C-00C5BFAFB58D}.Debug|Any CPU.ActiveCfg = Debug|Any CPU
		{100777DB-A5B7-40C8-992C-00C5BFAFB58D}.Debug|Any CPU.Build.0 = Debug|Any CPU
		{100777DB-A5B7-40C8-992C-00C5BFAFB58D}.Release|Any CPU.ActiveCfg = Release|Any CPU
		{100777DB-A5B7-40C8-992C-00C5BFAFB58D}.Release|Any CPU.Build.0 = Release|Any CPU
		{368AA68C-A461-45E3-B5ED-BA86EC1097AA}.Debug|Any CPU.ActiveCfg = Debug|Any CPU
		{368AA68C-A461-45E3-B5ED-BA86EC1097AA}.Debug|Any CPU.Build.0 = Debug|Any CPU
		{368AA68C-A461-45E3-B5ED-BA86EC1097AA}.Release|Any CPU.ActiveCfg = Release|Any CPU
		{368AA68C-A461-45E3-B5ED-BA86EC1097AA}.Release|Any CPU.Build.0 = Release|Any CPU
	EndGlobalSection
	GlobalSection(SolutionProperties) = preSolution
		HideSolutionNode = FALSE
	EndGlobalSection
	GlobalSection(ExtensibilityGlobals) = postSolution
		SolutionGuid = {0AA1537F-536A-4438-9FE5-2B0168B6CA7D}
	EndGlobalSection
EndGlobal
